
Microsoft Visual Studio Solution File, Format Version 12.00
# Visual Studio Version 16
VisualStudioVersion = 16.0.28803.202
MinimumVisualStudioVersion = 10.0.40219.1
Project("{FAE04EC0-301F-11D3-BF4B-00C04F79EFBC}") = "TAFer", "TAFer.csproj", "{C0AC4A9E-12B6-496F-9540-C7D05BD88A6B}"
EndProject
Global
	GlobalSection(SolutionConfigurationPlatforms) = preSolution
		Debug|Any CPU = Debug|Any CPU
		Release|Any CPU = Release|Any CPU
	EndGlobalSection
	GlobalSection(ProjectConfigurationPlatforms) = postSolution
		{C0AC4A9E-12B6-496F-9540-C7D05BD88A6B}.Debug|Any CPU.ActiveCfg = Debug|Any CPU
		{C0AC4A9E-12B6-496F-9540-C7D05BD88A6B}.Debug|Any CPU.Build.0 = Debug|Any CPU
		{C0AC4A9E-12B6-496F-9540-C7D05BD88A6B}.Release|Any CPU.ActiveCfg = Release|Any CPU
		{C0AC4A9E-12B6-496F-9540-C7D05BD88A6B}.Release|Any CPU.Build.0 = Release|Any CPU
	EndGlobalSection
	GlobalSection(SolutionProperties) = preSolution
		HideSolutionNode = FALSE
	EndGlobalSection
	GlobalSection(ExtensibilityGlobals) = postSolution
		SolutionGuid = {991DC14D-6044-41DA-8D47-19170D4D1517}
	EndGlobalSection
EndGlobal
